{
  "name": "test-package",
  "version": "1.0.0",
  "lockfileVersion": 1,
  "requires": true,
  "dependencies": {
    "package-demo": {
      "version": "1.0.1",
      "resolved": "https://npm.shopee.io/package-demo/-/package-demo-1.0.1.tgz",
      "integrity": "sha512-VvpgNMs/nWzik0Igtbkif90OOPtHnBg1oAYvTTgMlGc95DvZ0HQZgI+hNFKhsqVcSGHSGLrYG+QxKs9GR+n/xg=="
    }
  }
}
